dependencies:
  espressif/esp_tinyusb:
    component_hash: 34312470dae2f36713f72c56e49ff6657f3f409a13a3bd9adc4d3066fe3c1708
    dependencies:
    - name: idf
      require: private
      version: '>=5.0'
    - name: espressif/tinyusb
      registry_url: https://components.espressif.com
      require: public
      version: '>=0.14.2'
    source:
      registry_url: https://components.espressif.com/
      type: service
    targets:
    - esp32s2
    - esp32s3
    version: 1.2.2
  espressif/tinyusb:
    component_hash: 7f73a4159dc95325ceaa4ade5e88734c4e1f5124746a3765cf61dc6157d78798
    dependencies:
    - name: idf
      require: private
      version: '>=5.0'
    source:
      registry_url: https://components.espressif.com
      type: service
    targets:
    - esp32s2
    - esp32s3
    - esp32p4
    version: 0.17.0~2
  idf:
    source:
      type: idf
    version: 5.0.7
direct_dependencies:
- espressif/esp_tinyusb
- idf
manifest_hash: 2b30fb7b64d5e03045c4dd15aa40a9ce1c8b2eabf566a1f61fe3a5c4c620389a
target: esp32s3
version: 2.0.0
